
Microsoft Visual Studio Solution File, Format Version 12.00
# Visual Studio Version 17
VisualStudioVersion = 17.6.33723.286
MinimumVisualStudioVersion = 10.0.40219.1
Project("{FAE04EC0-301F-11D3-BF4B-00C04F79EFBC}") = "NinjaTraderUnitTesting", "NinjaTraderUnitTesting.csproj", "{EB07105F-08AD-47BC-8F4A-F716E7078D59}"
EndProject
Global
	GlobalSection(SolutionConfigurationPlatforms) = preSolution
		Debug|Any CPU = Debug|Any CPU
		Release|Any CPU = Release|Any CPU
	EndGlobalSection
	GlobalSection(ProjectConfigurationPlatforms) = postSolution
		{EB07105F-08AD-47BC-8F4A-F716E7078D59}.Debug|Any CPU.ActiveCfg = Debug|Any CPU
		{EB07105F-08AD-47BC-8F4A-F716E7078D59}.Debug|Any CPU.Build.0 = Debug|Any CPU
		{EB07105F-08AD-47BC-8F4A-F716E7078D59}.Release|Any CPU.ActiveCfg = Release|Any CPU
		{EB07105F-08AD-47BC-8F4A-F716E7078D59}.Release|Any CPU.Build.0 = Release|Any CPU
	EndGlobalSection
	GlobalSection(SolutionProperties) = preSolution
		HideSolutionNode = FALSE
	EndGlobalSection
	GlobalSection(ExtensibilityGlobals) = postSolution
		SolutionGuid = {8368D2C8-E20F-4F1D-BCDD-3460A9D623E4}
	EndGlobalSection
EndGlobal
